
Microsoft Visual Studio Solution File, Format Version 12.00
# Visual Studio Version 17
VisualStudioVersion = 17.3.32922.545
MinimumVisualStudioVersion = 10.0.40219.1
Project("{2150E333-8FDC-42A3-9474-1A3956D46DE8}") = "src", "src", "{1363C65E-7A39-4510-BCC7-358B075ECC26}"
EndProject
Project("{FAE04EC0-301F-11D3-BF4B-00C04F79EFBC}") = "InventoryManagementSystem.Web", "InventoryManagementSystem.Web\InventoryManagementSystem.Web.csproj", "{97DB760D-489B-4D7F-997D-A324241112CE}"
EndProject
Global
	GlobalSection(SolutionConfigurationPlatforms) = preSolution
		Debug|Any CPU = Debug|Any CPU
		Release|Any CPU = Release|Any CPU
	EndGlobalSection
	GlobalSection(ProjectConfigurationPlatforms) = postSolution
		{97DB760D-489B-4D7F-997D-A324241112CE}.Debug|Any CPU.ActiveCfg = Debug|Any CPU
		{97DB760D-489B-4D7F-997D-A324241112CE}.Debug|Any CPU.Build.0 = Debug|Any CPU
		{97DB760D-489B-4D7F-997D-A324241112CE}.Release|Any CPU.ActiveCfg = Release|Any CPU
		{97DB760D-489B-4D7F-997D-A324241112CE}.Release|Any CPU.Build.0 = Release|Any CPU
	EndGlobalSection
	GlobalSection(SolutionProperties) = preSolution
		HideSolutionNode = FALSE
	EndGlobalSection
	GlobalSection(NestedProjects) = preSolution
		{97DB760D-489B-4D7F-997D-A324241112CE} = {1363C65E-7A39-4510-BCC7-358B075ECC26}
	EndGlobalSection
	GlobalSection(ExtensibilityGlobals) = postSolution
		SolutionGuid = {88D9B4E8-C894-4ABD-B464-B0D635271FE8}
	EndGlobalSection
EndGlobal
