
Microsoft Visual Studio Solution File, Format Version 12.00
# Visual Studio Version 17
VisualStudioVersion = 17.3.32922.545
MinimumVisualStudioVersion = 10.0.40219.1
Project("{FAE04EC0-301F-11D3-BF4B-00C04F79EFBC}") = "InventoryManagementSystem.Infrastructure", "InventoryManagementSystem.Infrastructure\InventoryManagementSystem.Infrastructure.csproj", "{7ECF96B0-E35B-4F18-895A-9D6B081D5051}"
EndProject
Project("{FAE04EC0-301F-11D3-BF4B-00C04F79EFBC}") = "InventoryManagementSystem.Application", "InventoryManagementSystem.Application\InventoryManagementSystem.Application.csproj", "{EB82DE4D-1AFC-47E4-9B67-110C6F6962EB}"
EndProject
Project("{FAE04EC0-301F-11D3-BF4B-00C04F79EFBC}") = "InventoryManagementSystem.Domain", "InventoryManagementSystem.Domain\InventoryManagementSystem.Domain.csproj", "{284B6E11-3C69-4BBE-B7D9-E8E8FA910F78}"
EndProject
Project("{FAE04EC0-301F-11D3-BF4B-00C04F79EFBC}") = "InventoryManagementSystem.Web", "InventoryManagementSystem.Web\InventoryManagementSystem.Web.csproj", "{D7B12320-A297-4D12-9EC3-F9D8CD3A8E58}"
EndProject
Global
	GlobalSection(SolutionConfigurationPlatforms) = preSolution
		Debug|Any CPU = Debug|Any CPU
		Release|Any CPU = Release|Any CPU
	EndGlobalSection
	GlobalSection(ProjectConfigurationPlatforms) = postSolution
		{7ECF96B0-E35B-4F18-895A-9D6B081D5051}.Debug|Any CPU.ActiveCfg = Debug|Any CPU
		{7ECF96B0-E35B-4F18-895A-9D6B081D5051}.Debug|Any CPU.Build.0 = Debug|Any CPU
		{7ECF96B0-E35B-4F18-895A-9D6B081D5051}.Release|Any CPU.ActiveCfg = Release|Any CPU
		{7ECF96B0-E35B-4F18-895A-9D6B081D5051}.Release|Any CPU.Build.0 = Release|Any CPU
		{EB82DE4D-1AFC-47E4-9B67-110C6F6962EB}.Debug|Any CPU.ActiveCfg = Debug|Any CPU
		{EB82DE4D-1AFC-47E4-9B67-110C6F6962EB}.Debug|Any CPU.Build.0 = Debug|Any CPU
		{EB82DE4D-1AFC-47E4-9B67-110C6F6962EB}.Release|Any CPU.ActiveCfg = Release|Any CPU
		{EB82DE4D-1AFC-47E4-9B67-110C6F6962EB}.Release|Any CPU.Build.0 = Release|Any CPU
		{284B6E11-3C69-4BBE-B7D9-E8E8FA910F78}.Debug|Any CPU.ActiveCfg = Debug|Any CPU
		{284B6E11-3C69-4BBE-B7D9-E8E8FA910F78}.Debug|Any CPU.Build.0 = Debug|Any CPU
		{284B6E11-3C69-4BBE-B7D9-E8E8FA910F78}.Release|Any CPU.ActiveCfg = Release|Any CPU
		{284B6E11-3C69-4BBE-B7D9-E8E8FA910F78}.Release|Any CPU.Build.0 = Release|Any CPU
		{D7B12320-A297-4D12-9EC3-F9D8CD3A8E58}.Debug|Any CPU.ActiveCfg = Debug|Any CPU
		{D7B12320-A297-4D12-9EC3-F9D8CD3A8E58}.Debug|Any CPU.Build.0 = Debug|Any CPU
		{D7B12320-A297-4D12-9EC3-F9D8CD3A8E58}.Release|Any CPU.ActiveCfg = Release|Any CPU
		{D7B12320-A297-4D12-9EC3-F9D8CD3A8E58}.Release|Any CPU.Build.0 = Release|Any CPU
	EndGlobalSection
	GlobalSection(SolutionProperties) = preSolution
		HideSolutionNode = FALSE
	EndGlobalSection
	GlobalSection(ExtensibilityGlobals) = postSolution
		SolutionGuid = {B0A4FC90-B61D-4988-A2C4-93DBCCB30878}
	EndGlobalSection
EndGlobal
